// !$*UTF8*$!
{
	archiveVersion = 1;
	classes = {
	};
	objectVersion = 46;
	objects = {

/* Begin PBXBuildFile section */
		D661B4571F06358A00A5677B /* main.m in Sources */ = {isa = PBXBuildFile; fileRef = D661B4561F06358A00A5677B /* main.m */; };
		D661B45A1F06358A00A5677B /* AppDelegate.m in Sources */ = {isa = PBXBuildFile; fileRef = D661B4591F06358A00A5677B /* AppDelegate.m */; };
		D661B45D1F06358A00A5677B /* ViewController.m in Sources */ = {isa = PBXBuildFile; fileRef = D661B45C1F06358A00A5677B /* ViewController.m */; };
		D661B4601F06358A00A5677B /* Main.storyboard in Resources */ = {isa = PBXBuildFile; fileRef = D661B45E1F06358A00A5677B /* Main.storyboard */; };
		D661B4621F06358A00A5677B /* Assets.xcassets in Resources */ = {isa = PBXBuildFile; fileRef = D661B4611F06358A00A5677B /* Assets.xcassets */; };
		D661B4651F06358A00A5677B /* LaunchScreen.storyboard in Resources */ = {isa = PBXBuildFile; fileRef = D661B4631F06358A00A5677B /* LaunchScreen.storyboard */; };
/* End PBXBuildFile section */

/* Begin PBXFileReference section */
		D661B4521F06358A00A5677B /* wkwebview.app */ = {isa = PBXFileReference; explicitFileType = wrapper.application; includeInIndex = 0; path = wkwebview.app; sourceTree = BUILT_PRODUCTS_DIR; };
		D661B4561F06358A00A5677B /* main.m */ = {isa = PBXFileReference; lastKnownFileType = sourcecode.c.objc; path = main.m; sourceTree = "<group>"; };
		D661B4581F06358A00A5677B /* AppDelegate.h */ = {isa = PBXFileReference; lastKnownFileType = sourcecode.c.h; path = AppDelegate.h; sourceTree = "<group>"; };
		D661B4591F06358A00A5677B /* AppDelegate.m */ = {isa = PBXFileReference; lastKnownFileType = sourcecode.c.objc; path = AppDelegate.m; sourceTree = "<group>"; };
		D661B45B1F06358A00A5677B /* ViewController.h */ = {isa = PBXFileReference; lastKnownFileType = sourcecode.c.h; path = ViewController.h; sourceTree = "<group>"; };
		D661B45C1F06358A00A5677B /* ViewController.m */ = {isa = PBXFileReference; lastKnownFileType = sourcecode.c.objc; path = ViewController.m; sourceTree = "<group>"; };
		D661B45F1F06358A00A5677B /* Base */ = {isa = PBXFileReference; lastKnownFileType = file.storyboard; name = Base; path = Base.lproj/Main.storyboard; sourceTree = "<group>"; };
		D661B4611F06358A00A5677B /* Assets.xcassets */ = {isa = PBXFileReference; lastKnownFileType = folder.assetcatalog; path = Assets.xcassets; sourceTree = "<group>"; };
		D661B4641F06358A00A5677B /* Base */ = {isa = PBXFileReference; lastKnownFileType = file.storyboard; name = Base; path = Base.lproj/LaunchScreen.storyboard; sourceTree = "<group>"; };
		D661B4661F06358A00A5677B /* Info.plist */ = {isa = PBXFileReference; lastKnownFileType = text.plist.xml; path = Info.plist; sourceTree = "<group>"; };
/* End PBXFileReference section */

/* Begin PBXFrameworksBuildPhase section */
		D661B44F1F06358A00A5677B /* Frameworks */ = {
			isa = PBXFrameworksBuildPhase;
			buildActionMask = 2147483647;
			files = (
			);
			runOnlyForDeploymentPostprocessing = 0;
		};
/* End PBXFrameworksBuildPhase section */

/* Begin PBXGroup section */
		D661B4491F06358A00A5677B = {
			isa = PBXGroup;
			children = (
				D661B4541F06358A00A5677B /* wkwebview */,
				D661B4531F06358A00A5677B /* Products */,
			);
			sourceTree = "<group>";
		};
		D661B4531F06358A00A5677B /* Products */ = {
			isa = PBXGroup;
			children = (
				D661B4521F06358A00A5677B /* wkwebview.app */,
			);
			name = Products;
			sourceTree = "<group>";
		};
		D661B4541F06358A00A5677B /* wkwebview */ = {
			isa = PBXGroup;
			children = (
				D661B4581F06358A00A5677B /* AppDelegate.h */,
				D661B4591F06358A00A5677B /* AppDelegate.m */,
				D661B45B1F06358A00A5677B /* ViewController.h */,
				D661B45C1F06358A00A5677B /* ViewController.m */,
				D661B45E1F06358A00A5677B /* Main.storyboard */,
				D661B4611F06358A00A5677B /* Assets.xcassets */,
				D661B4631F06358A00A5677B /* LaunchScreen.storyboard */,
				D661B4661F06358A00A5677B /* Info.plist */,
				D661B4551F06358A00A5677B /* Supporting Files */,
			);
			path = wkwebview;
			sourceTree = "<group>";
		};
		D661B4551F06358A00A5677B /* Supporting Files */ = {
			isa = PBXGroup;
			children = (
				D661B4561F06358A00A5677B /* main.m */,
			);
			name = "Supporting Files";
			sourceTree = "<group>";
		};
/* End PBXGroup section */

/* Begin PBXNativeTarget section */
		D661B4511F06358A00A5677B /* wkwebview */ = {
			isa = PBXNativeTarget;
			buildConfigurationList = D661B4691F06358A00A5677B /* Build configuration list for PBXNativeTarget "wkwebview" */;
			buildPhases = (
				D661B44E1F06358A00A5677B /* Sources */,
				D661B44F1F06358A00A5677B /* Frameworks */,
				D661B4501F06358A00A5677B /* Resources */,
			);
			buildRules = (
			);
			dependencies = (
			);
			name = wkwebview;
			productName = wkwebview;
			productReference = D661B4521F06358A00A5677B /* wkwebview.app */;
			productType = "com.apple.product-type.application";
		};
/* End PBXNativeTarget section */

/* Begin PBXProject section */
		D661B44A1F06358A00A5677B /* Project object */ = {
			isa = PBXProject;
			attributes = {
				LastUpgradeCheck = 0830;
				ORGANIZATIONNAME = vpjacob;
				TargetAttributes = {
					D661B4511F06358A00A5677B = {
						CreatedOnToolsVersion = 8.3.3;
						DevelopmentTeam = HN2F9US93L;
						ProvisioningStyle = Automatic;
					};
				};
			};
			buildConfigurationList = D661B44D1F06358A00A5677B /* Build configuration list for PBXProject "wkwebview" */;
			compatibilityVersion = "Xcode 3.2";
			developmentRegion = English;
			hasScannedForEncodings = 0;
			knownRegions = (
				en,
				Base,
			);
			mainGroup = D661B4491F06358A00A5677B;
			productRefGroup = D661B4531F06358A00A5677B /* Products */;
			projectDirPath = "";
			projectRoot = "";
			targets = (
				D661B4511F06358A00A5677B /* wkwebview */,
			);
		};
/* End PBXProject section */

/* Begin PBXResourcesBuildPhase section */
		D661B4501F06358A00A5677B /* Resources */ = {
			isa = PBXResourcesBuildPhase;
			buildActionMask = 2147483647;
			files = (
				D661B4651F06358A00A5677B /* LaunchScreen.storyboard in Resources */,
				D661B4621F06358A00A5677B /* Assets.xcassets in Resources */,
				D661B4601F06358A00A5677B /* Main.storyboard in Resources */,
			);
			runOnlyForDeploymentPostprocessing = 0;
		};
/* End PBXResourcesBuildPhase section */

/* Begin PBXSourcesBuildPhase section */
		D661B44E1F06358A00A5677B /* Sources */ = {
			isa = PBXSourcesBuildPhase;
			buildActionMask = 2147483647;
			files = (
				D661B45D1F06358A00A5677B /* ViewController.m in Sources */,
				D661B45A1F06358A00A5677B /* AppDelegate.m in Sources */,
				D661B4571F06358A00A5677B /* main.m in Sources */,
			);
			runOnlyForDeploymentPostprocessing = 0;
		};
/* End PBXSourcesBuildPhase section */

/* Begin PBXVariantGroup section */
		D661B45E1F06358A00A5677B /* Main.storyboard */ = {
			isa = PBXVariantGroup;
			children = (
				D661B45F1F06358A00A5677B /* Base */,
			);
			name = Main.storyboard;
			sourceTree = "<group>";
		};
		D661B4631F06358A00A5677B /* LaunchScreen.storyboard */ = {
			isa = PBXVariantGroup;
			children = (
				D661B4641F06358A00A5677B /* Base */,
			);
			name = LaunchScreen.storyboard;
			sourceTree = "<group>";
		};
/* End PBXVariantGroup section */

/* Begin XCBuildConfiguration section */
		D661B4671F06358A00A5677B /* Debug */ = {
			isa = XCBuildConfiguration;
			buildSettings = {
				ALWAYS_SEARCH_USER_PATHS = NO;
				CLANG_ANALYZER_NONNULL = YES;
				CLANG_ANALYZER_NUMBER_OBJECT_CONVERSION = YES_AGGRESSIVE;
				CLANG_CXX_LANGUAGE_STANDARD = "gnu++0x";
				CLANG_CXX_LIBRARY = "libc++";
				CLANG_ENABLE_MODULES = YES;
				CLANG_ENABLE_OBJC_ARC = YES;
				CLANG_WARN_BOOL_CONVERSION = YES;
				CLANG_WARN_CONSTANT_CONVERSION = YES;
				CLANG_WARN_DIRECT_OBJC_ISA_USAGE = YES_ERROR;
				CLANG_WARN_DOCUMENTATION_COMMENTS = YES;
				CLANG_WARN_EMPTY_BODY = YES;
				CLANG_WARN_ENUM_CONVERSION = YES;
				CLANG_WARN_INFINITE_RECURSION = YES;
				CLANG_WARN_INT_CONVERSION = YES;
				CLANG_WARN_OBJC_ROOT_CLASS = YES_ERROR;
				CLANG_WARN_SUSPICIOUS_MOVE = YES;
				CLANG_WARN_UNREACHABLE_CODE = YES;
				CLANG_WARN__DUPLICATE_METHOD_MATCH = YES;
				"CODE_SIGN_IDENTITY[sdk=iphoneos*]" = "iPhone Developer";
				COPY_PHASE_STRIP = NO;
				DEBUG_INFORMATION_FORMAT = dwarf;
				ENABLE_STRICT_OBJC_MSGSEND = YES;
				ENABLE_TESTABILITY = YES;
				GCC_C_LANGUAGE_STANDARD = gnu99;
				GCC_DYNAMIC_NO_PIC = NO;
				GCC_NO_COMMON_BLOCKS = YES;
				GCC_OPTIMIZATION_LEVEL = 0;
				GCC_PREPROCESSOR_DEFINITIONS = (
					"DEBUG=1",
					"$(inherited)",
				);
				GCC_WARN_64_TO_32_BIT_CONVERSION = YES;
				GCC_WARN_ABOUT_RETURN_TYPE = YES_ERROR;
				GCC_WARN_UNDECLARED_SELECTOR = YES;
				GCC_WARN_UNINITIALIZED_AUTOS = YES_AGGRESSIVE;
				GCC_WARN_UNUSED_FUNCTION = YES;
				GCC_WARN_UNUSED_VARIABLE = YES;
				IPHONEOS_DEPLOYMENT_TARGET = 10.3;
				MTL_ENABLE_DEBUG_INFO = YES;
				ONLY_ACTIVE_ARCH = YES;
				SDKROOT = iphoneos;
				TARGETED_DEVICE_FAMILY = "1,2";
			};
			name = Debug;
		};
		D661B4681F06358A00A5677B /* Release */ = {
			isa = XCBuildConfiguration;
			buildSettings = {
				ALWAYS_SEARCH_USER_PATHS = NO;
				CLANG_ANALYZER_NONNULL = YES;
				CLANG_ANALYZER_NUMBER_OBJECT_CONVERSION = YES_AGGRESSIVE;
				CLANG_CXX_LANGUAGE_STANDARD = "gnu++0x";
				CLANG_CXX_LIBRARY = "libc++";
				CLANG_ENABLE_MODULES = YES;
				CLANG_ENABLE_OBJC_ARC = YES;
				CLANG_WARN_BOOL_CONVERSION = YES;
				CLANG_WARN_CONSTANT_CONVERSION = YES;
				CLANG_WARN_DIRECT_OBJC_ISA_USAGE = YES_ERROR;
				CLANG_WARN_DOCUMENTATION_COMMENTS = YES;
				CLANG_WARN_EMPTY_BODY = YES;
				CLANG_WARN_ENUM_CONVERSION = YES;
				CLANG_WARN_INFINITE_RECURSION = YES;
				CLANG_WARN_INT_CONVERSION = YES;
				CLANG_WARN_OBJC_ROOT_CLASS = YES_ERROR;
				CLANG_WARN_SUSPICIOUS_MOVE = YES;
				CLANG_WARN_UNREACHABLE_CODE = YES;
				CLANG_WARN__DUPLICATE_METHOD_MATCH = YES;
				"CODE_SIGN_IDENTITY[sdk=iphoneos*]" = "iPhone Developer";
				COPY_PHASE_STRIP = NO;
				DEBUG_INFORMATION_FORMAT = "dwarf-with-dsym";
				ENABLE_NS_ASSERTIONS = NO;
				ENABLE_STRICT_OBJC_MSGSEND = YES;
				GCC_C_LANGUAGE_STANDARD = gnu99;
				GCC_NO_COMMON_BLOCKS = YES;
				GCC_WARN_64_TO_32_BIT_CONVERSION = YES;
				GCC_WARN_ABOUT_RETURN_TYPE = YES_ERROR;
				GCC_WARN_UNDECLARED_SELECTOR = YES;
				GCC_WARN_UNINITIALIZED_AUTOS = YES_AGGRESSIVE;
				GCC_WARN_UNUSED_FUNCTION = YES;
				GCC_WARN_UNUSED_VARIABLE = YES;
				IPHONEOS_DEPLOYMENT_TARGET = 10.3;
				MTL_ENABLE_DEBUG_INFO = NO;
				SDKROOT = iphoneos;
				TARGETED_DEVICE_FAMILY = "1,2";
				VALIDATE_PRODUCT = YES;
			};
			name = Release;
		};
		D661B46A1F06358A00A5677B /* Debug */ = {
			isa = XCBuildConfiguration;
			buildSettings = {
				ASSETCATALOG_COMPILER_APPICON_NAME = AppIcon;
				DEVELOPMENT_TEAM = HN2F9US93L;
				INFOPLIST_FILE = wkwebview/Info.plist;
				LD_RUNPATH_SEARCH_PATHS = "$(inherited) @executable_path/Frameworks";
				PRODUCT_BUNDLE_IDENTIFIER = com.anbn.wkwebview;
				PRODUCT_NAME = "$(TARGET_NAME)";
			};
			name = Debug;
		};
		D661B46B1F06358A00A5677B /* Release */ = {
			isa = XCBuildConfiguration;
			buildSettings = {
				ASSETCATALOG_COMPILER_APPICON_NAME = AppIcon;
				DEVELOPMENT_TEAM = HN2F9US93L;
				INFOPLIST_FILE = wkwebview/Info.plist;
				LD_RUNPATH_SEARCH_PATHS = "$(inherited) @executable_path/Frameworks";
				PRODUCT_BUNDLE_IDENTIFIER = com.anbn.wkwebview;
				PRODUCT_NAME = "$(TARGET_NAME)";
			};
			name = Release;
		};
/* End XCBuildConfiguration section */

/* Begin XCConfigurationList section */
		D661B44D1F06358A00A5677B /* Build configuration list for PBXProject "wkwebview" */ = {
			isa = XCConfigurationList;
			buildConfigurations = (
				D661B4671F06358A00A5677B /* Debug */,
				D661B4681F06358A00A5677B /* Release */,
			);
			defaultConfigurationIsVisible = 0;
			defaultConfigurationName = Release;
		};
		D661B4691F06358A00A5677B /* Build configuration list for PBXNativeTarget "wkwebview" */ = {
			isa = XCConfigurationList;
			buildConfigurations = (
				D661B46A1F06358A00A5677B /* Debug */,
				D661B46B1F06358A00A5677B /* Release */,
			);
			defaultConfigurationIsVisible = 0;
		};
/* End XCConfigurationList section */
	};
	rootObject = D661B44A1F06358A00A5677B /* Project object */;
}
