// !$*UTF8*$!
{
	archiveVersion = 1;
	classes = {
	};
	objectVersion = 46;
	objects = {

/* Begin PBXBuildFile section */
		D68E3FED1F27191000FB3599 /* main.m in Sources */ = {isa = PBXBuildFile; fileRef = D68E3FEC1F27191000FB3599 /* main.m */; };
		D68E3FF01F27191000FB3599 /* AppDelegate.m in Sources */ = {isa = PBXBuildFile; fileRef = D68E3FEF1F27191000FB3599 /* AppDelegate.m */; };
		D68E3FF31F27191100FB3599 /* ViewController.m in Sources */ = {isa = PBXBuildFile; fileRef = D68E3FF21F27191100FB3599 /* ViewController.m */; };
		D68E3FF61F27191100FB3599 /* Main.storyboard in Resources */ = {isa = PBXBuildFile; fileRef = D68E3FF41F27191100FB3599 /* Main.storyboard */; };
		D68E3FF81F27191100FB3599 /* Assets.xcassets in Resources */ = {isa = PBXBuildFile; fileRef = D68E3FF71F27191100FB3599 /* Assets.xcassets */; };
		D68E3FFB1F27191100FB3599 /* LaunchScreen.storyboard in Resources */ = {isa = PBXBuildFile; fileRef = D68E3FF91F27191100FB3599 /* LaunchScreen.storyboard */; };
/* End PBXBuildFile section */

/* Begin PBXFileReference section */
		D68E3FE81F27191000FB3599 /* MVDemo.app */ = {isa = PBXFileReference; explicitFileType = wrapper.application; includeInIndex = 0; path = MVDemo.app; sourceTree = BUILT_PRODUCTS_DIR; };
		D68E3FEC1F27191000FB3599 /* main.m */ = {isa = PBXFileReference; lastKnownFileType = sourcecode.c.objc; path = main.m; sourceTree = "<group>"; };
		D68E3FEE1F27191000FB3599 /* AppDelegate.h */ = {isa = PBXFileReference; lastKnownFileType = sourcecode.c.h; path = AppDelegate.h; sourceTree = "<group>"; };
		D68E3FEF1F27191000FB3599 /* AppDelegate.m */ = {isa = PBXFileReference; lastKnownFileType = sourcecode.c.objc; path = AppDelegate.m; sourceTree = "<group>"; };
		D68E3FF11F27191100FB3599 /* ViewController.h */ = {isa = PBXFileReference; lastKnownFileType = sourcecode.c.h; path = ViewController.h; sourceTree = "<group>"; };
		D68E3FF21F27191100FB3599 /* ViewController.m */ = {isa = PBXFileReference; lastKnownFileType = sourcecode.c.objc; path = ViewController.m; sourceTree = "<group>"; };
		D68E3FF51F27191100FB3599 /* Base */ = {isa = PBXFileReference; lastKnownFileType = file.storyboard; name = Base; path = Base.lproj/Main.storyboard; sourceTree = "<group>"; };
		D68E3FF71F27191100FB3599 /* Assets.xcassets */ = {isa = PBXFileReference; lastKnownFileType = folder.assetcatalog; path = Assets.xcassets; sourceTree = "<group>"; };
		D68E3FFA1F27191100FB3599 /* Base */ = {isa = PBXFileReference; lastKnownFileType = file.storyboard; name = Base; path = Base.lproj/LaunchScreen.storyboard; sourceTree = "<group>"; };
		D68E3FFC1F27191100FB3599 /* Info.plist */ = {isa = PBXFileReference; lastKnownFileType = text.plist.xml; path = Info.plist; sourceTree = "<group>"; };
/* End PBXFileReference section */

/* Begin PBXFrameworksBuildPhase section */
		D68E3FE51F27191000FB3599 /* Frameworks */ = {
			isa = PBXFrameworksBuildPhase;
			buildActionMask = 2147483647;
			files = (
			);
			runOnlyForDeploymentPostprocessing = 0;
		};
/* End PBXFrameworksBuildPhase section */

/* Begin PBXGroup section */
		D68E3FDF1F27191000FB3599 = {
			isa = PBXGroup;
			children = (
				D68E3FEA1F27191000FB3599 /* MVDemo */,
				D68E3FE91F27191000FB3599 /* Products */,
			);
			sourceTree = "<group>";
		};
		D68E3FE91F27191000FB3599 /* Products */ = {
			isa = PBXGroup;
			children = (
				D68E3FE81F27191000FB3599 /* MVDemo.app */,
			);
			name = Products;
			sourceTree = "<group>";
		};
		D68E3FEA1F27191000FB3599 /* MVDemo */ = {
			isa = PBXGroup;
			children = (
				D68E3FEE1F27191000FB3599 /* AppDelegate.h */,
				D68E3FEF1F27191000FB3599 /* AppDelegate.m */,
				D68E3FF11F27191100FB3599 /* ViewController.h */,
				D68E3FF21F27191100FB3599 /* ViewController.m */,
				D68E3FF41F27191100FB3599 /* Main.storyboard */,
				D68E3FF71F27191100FB3599 /* Assets.xcassets */,
				D68E3FF91F27191100FB3599 /* LaunchScreen.storyboard */,
				D68E3FFC1F27191100FB3599 /* Info.plist */,
				D68E3FEB1F27191000FB3599 /* Supporting Files */,
			);
			path = MVDemo;
			sourceTree = "<group>";
		};
		D68E3FEB1F27191000FB3599 /* Supporting Files */ = {
			isa = PBXGroup;
			children = (
				D68E3FEC1F27191000FB3599 /* main.m */,
			);
			name = "Supporting Files";
			sourceTree = "<group>";
		};
/* End PBXGroup section */

/* Begin PBXNativeTarget section */
		D68E3FE71F27191000FB3599 /* MVDemo */ = {
			isa = PBXNativeTarget;
			buildConfigurationList = D68E3FFF1F27191100FB3599 /* Build configuration list for PBXNativeTarget "MVDemo" */;
			buildPhases = (
				D68E3FE41F27191000FB3599 /* Sources */,
				D68E3FE51F27191000FB3599 /* Frameworks */,
				D68E3FE61F27191000FB3599 /* Resources */,
			);
			buildRules = (
			);
			dependencies = (
			);
			name = MVDemo;
			productName = MVDemo;
			productReference = D68E3FE81F27191000FB3599 /* MVDemo.app */;
			productType = "com.apple.product-type.application";
		};
/* End PBXNativeTarget section */

/* Begin PBXProject section */
		D68E3FE01F27191000FB3599 /* Project object */ = {
			isa = PBXProject;
			attributes = {
				LastUpgradeCheck = 0830;
				ORGANIZATIONNAME = vpjacob;
				TargetAttributes = {
					D68E3FE71F27191000FB3599 = {
						CreatedOnToolsVersion = 8.3.3;
						DevelopmentTeam = HN2F9US93L;
						ProvisioningStyle = Automatic;
					};
				};
			};
			buildConfigurationList = D68E3FE31F27191000FB3599 /* Build configuration list for PBXProject "MVDemo" */;
			compatibilityVersion = "Xcode 3.2";
			developmentRegion = English;
			hasScannedForEncodings = 0;
			knownRegions = (
				en,
				Base,
			);
			mainGroup = D68E3FDF1F27191000FB3599;
			productRefGroup = D68E3FE91F27191000FB3599 /* Products */;
			projectDirPath = "";
			projectRoot = "";
			targets = (
				D68E3FE71F27191000FB3599 /* MVDemo */,
			);
		};
/* End PBXProject section */

/* Begin PBXResourcesBuildPhase section */
		D68E3FE61F27191000FB3599 /* Resources */ = {
			isa = PBXResourcesBuildPhase;
			buildActionMask = 2147483647;
			files = (
				D68E3FFB1F27191100FB3599 /* LaunchScreen.storyboard in Resources */,
				D68E3FF81F27191100FB3599 /* Assets.xcassets in Resources */,
				D68E3FF61F27191100FB3599 /* Main.storyboard in Resources */,
			);
			runOnlyForDeploymentPostprocessing = 0;
		};
/* End PBXResourcesBuildPhase section */

/* Begin PBXSourcesBuildPhase section */
		D68E3FE41F27191000FB3599 /* Sources */ = {
			isa = PBXSourcesBuildPhase;
			buildActionMask = 2147483647;
			files = (
				D68E3FF31F27191100FB3599 /* ViewController.m in Sources */,
				D68E3FF01F27191000FB3599 /* AppDelegate.m in Sources */,
				D68E3FED1F27191000FB3599 /* main.m in Sources */,
			);
			runOnlyForDeploymentPostprocessing = 0;
		};
/* End PBXSourcesBuildPhase section */

/* Begin PBXVariantGroup section */
		D68E3FF41F27191100FB3599 /* Main.storyboard */ = {
			isa = PBXVariantGroup;
			children = (
				D68E3FF51F27191100FB3599 /* Base */,
			);
			name = Main.storyboard;
			sourceTree = "<group>";
		};
		D68E3FF91F27191100FB3599 /* LaunchScreen.storyboard */ = {
			isa = PBXVariantGroup;
			children = (
				D68E3FFA1F27191100FB3599 /* Base */,
			);
			name = LaunchScreen.storyboard;
			sourceTree = "<group>";
		};
/* End PBXVariantGroup section */

/* Begin XCBuildConfiguration section */
		D68E3FFD1F27191100FB3599 /* Debug */ = {
			isa = XCBuildConfiguration;
			buildSettings = {
				ALWAYS_SEARCH_USER_PATHS = NO;
				CLANG_ANALYZER_NONNULL = YES;
				CLANG_ANALYZER_NUMBER_OBJECT_CONVERSION = YES_AGGRESSIVE;
				CLANG_CXX_LANGUAGE_STANDARD = "gnu++0x";
				CLANG_CXX_LIBRARY = "libc++";
				CLANG_ENABLE_MODULES = YES;
				CLANG_ENABLE_OBJC_ARC = YES;
				CLANG_WARN_BOOL_CONVERSION = YES;
				CLANG_WARN_CONSTANT_CONVERSION = YES;
				CLANG_WARN_DIRECT_OBJC_ISA_USAGE = YES_ERROR;
				CLANG_WARN_DOCUMENTATION_COMMENTS = YES;
				CLANG_WARN_EMPTY_BODY = YES;
				CLANG_WARN_ENUM_CONVERSION = YES;
				CLANG_WARN_INFINITE_RECURSION = YES;
				CLANG_WARN_INT_CONVERSION = YES;
				CLANG_WARN_OBJC_ROOT_CLASS = YES_ERROR;
				CLANG_WARN_SUSPICIOUS_MOVE = YES;
				CLANG_WARN_UNREACHABLE_CODE = YES;
				CLANG_WARN__DUPLICATE_METHOD_MATCH = YES;
				"CODE_SIGN_IDENTITY[sdk=iphoneos*]" = "iPhone Developer";
				COPY_PHASE_STRIP = NO;
				DEBUG_INFORMATION_FORMAT = dwarf;
				ENABLE_STRICT_OBJC_MSGSEND = YES;
				ENABLE_TESTABILITY = YES;
				GCC_C_LANGUAGE_STANDARD = gnu99;
				GCC_DYNAMIC_NO_PIC = NO;
				GCC_NO_COMMON_BLOCKS = YES;
				GCC_OPTIMIZATION_LEVEL = 0;
				GCC_PREPROCESSOR_DEFINITIONS = (
					"DEBUG=1",
					"$(inherited)",
				);
				GCC_WARN_64_TO_32_BIT_CONVERSION = YES;
				GCC_WARN_ABOUT_RETURN_TYPE = YES_ERROR;
				GCC_WARN_UNDECLARED_SELECTOR = YES;
				GCC_WARN_UNINITIALIZED_AUTOS = YES_AGGRESSIVE;
				GCC_WARN_UNUSED_FUNCTION = YES;
				GCC_WARN_UNUSED_VARIABLE = YES;
				IPHONEOS_DEPLOYMENT_TARGET = 10.3;
				MTL_ENABLE_DEBUG_INFO = YES;
				ONLY_ACTIVE_ARCH = YES;
				SDKROOT = iphoneos;
				TARGETED_DEVICE_FAMILY = "1,2";
			};
			name = Debug;
		};
		D68E3FFE1F27191100FB3599 /* Release */ = {
			isa = XCBuildConfiguration;
			buildSettings = {
				ALWAYS_SEARCH_USER_PATHS = NO;
				CLANG_ANALYZER_NONNULL = YES;
				CLANG_ANALYZER_NUMBER_OBJECT_CONVERSION = YES_AGGRESSIVE;
				CLANG_CXX_LANGUAGE_STANDARD = "gnu++0x";
				CLANG_CXX_LIBRARY = "libc++";
				CLANG_ENABLE_MODULES = YES;
				CLANG_ENABLE_OBJC_ARC = YES;
				CLANG_WARN_BOOL_CONVERSION = YES;
				CLANG_WARN_CONSTANT_CONVERSION = YES;
				CLANG_WARN_DIRECT_OBJC_ISA_USAGE = YES_ERROR;
				CLANG_WARN_DOCUMENTATION_COMMENTS = YES;
				CLANG_WARN_EMPTY_BODY = YES;
				CLANG_WARN_ENUM_CONVERSION = YES;
				CLANG_WARN_INFINITE_RECURSION = YES;
				CLANG_WARN_INT_CONVERSION = YES;
				CLANG_WARN_OBJC_ROOT_CLASS = YES_ERROR;
				CLANG_WARN_SUSPICIOUS_MOVE = YES;
				CLANG_WARN_UNREACHABLE_CODE = YES;
				CLANG_WARN__DUPLICATE_METHOD_MATCH = YES;
				"CODE_SIGN_IDENTITY[sdk=iphoneos*]" = "iPhone Developer";
				COPY_PHASE_STRIP = NO;
				DEBUG_INFORMATION_FORMAT = "dwarf-with-dsym";
				ENABLE_NS_ASSERTIONS = NO;
				ENABLE_STRICT_OBJC_MSGSEND = YES;
				GCC_C_LANGUAGE_STANDARD = gnu99;
				GCC_NO_COMMON_BLOCKS = YES;
				GCC_WARN_64_TO_32_BIT_CONVERSION = YES;
				GCC_WARN_ABOUT_RETURN_TYPE = YES_ERROR;
				GCC_WARN_UNDECLARED_SELECTOR = YES;
				GCC_WARN_UNINITIALIZED_AUTOS = YES_AGGRESSIVE;
				GCC_WARN_UNUSED_FUNCTION = YES;
				GCC_WARN_UNUSED_VARIABLE = YES;
				IPHONEOS_DEPLOYMENT_TARGET = 10.3;
				MTL_ENABLE_DEBUG_INFO = NO;
				SDKROOT = iphoneos;
				TARGETED_DEVICE_FAMILY = "1,2";
				VALIDATE_PRODUCT = YES;
			};
			name = Release;
		};
		D68E40001F27191100FB3599 /* Debug */ = {
			isa = XCBuildConfiguration;
			buildSettings = {
				ASSETCATALOG_COMPILER_APPICON_NAME = AppIcon;
				DEVELOPMENT_TEAM = HN2F9US93L;
				INFOPLIST_FILE = MVDemo/Info.plist;
				LD_RUNPATH_SEARCH_PATHS = "$(inherited) @executable_path/Frameworks";
				PRODUCT_BUNDLE_IDENTIFIER = com.anbn.MVDemo;
				PRODUCT_NAME = "$(TARGET_NAME)";
			};
			name = Debug;
		};
		D68E40011F27191100FB3599 /* Release */ = {
			isa = XCBuildConfiguration;
			buildSettings = {
				ASSETCATALOG_COMPILER_APPICON_NAME = AppIcon;
				DEVELOPMENT_TEAM = HN2F9US93L;
				INFOPLIST_FILE = MVDemo/Info.plist;
				LD_RUNPATH_SEARCH_PATHS = "$(inherited) @executable_path/Frameworks";
				PRODUCT_BUNDLE_IDENTIFIER = com.anbn.MVDemo;
				PRODUCT_NAME = "$(TARGET_NAME)";
			};
			name = Release;
		};
/* End XCBuildConfiguration section */

/* Begin XCConfigurationList section */
		D68E3FE31F27191000FB3599 /* Build configuration list for PBXProject "MVDemo" */ = {
			isa = XCConfigurationList;
			buildConfigurations = (
				D68E3FFD1F27191100FB3599 /* Debug */,
				D68E3FFE1F27191100FB3599 /* Release */,
			);
			defaultConfigurationIsVisible = 0;
			defaultConfigurationName = Release;
		};
		D68E3FFF1F27191100FB3599 /* Build configuration list for PBXNativeTarget "MVDemo" */ = {
			isa = XCConfigurationList;
			buildConfigurations = (
				D68E40001F27191100FB3599 /* Debug */,
				D68E40011F27191100FB3599 /* Release */,
			);
			defaultConfigurationIsVisible = 0;
		};
/* End XCConfigurationList section */
	};
	rootObject = D68E3FE01F27191000FB3599 /* Project object */;
}
